
Microsoft Visual Studio Solution File, Format Version 12.00
# Visual Studio 15
VisualStudioVersion = 15.0.28307.271
MinimumVisualStudioVersion = 10.0.40219.1
Project("{FAE04EC0-301F-11D3-BF4B-00C04F79EFBC}") = "Assignment1_Venkitasamy", "Assignment1_Venkitasamy\Assignment1_Venkitasamy.csproj", "{03E3B9BC-6E8B-4A22-B9BB-CE36F3221D77}"
EndProject
Global
	GlobalSection(SolutionConfigurationPlatforms) = preSolution
		Debug|Any CPU = Debug|Any CPU
		Release|Any CPU = Release|Any CPU
	EndGlobalSection
	GlobalSection(ProjectConfigurationPlatforms) = postSolution
		{03E3B9BC-6E8B-4A22-B9BB-CE36F3221D77}.Debug|Any CPU.ActiveCfg = Debug|Any CPU
		{03E3B9BC-6E8B-4A22-B9BB-CE36F3221D77}.Debug|Any CPU.Build.0 = Debug|Any CPU
		{03E3B9BC-6E8B-4A22-B9BB-CE36F3221D77}.Release|Any CPU.ActiveCfg = Release|Any CPU
		{03E3B9BC-6E8B-4A22-B9BB-CE36F3221D77}.Release|Any CPU.Build.0 = Release|Any CPU
	EndGlobalSection
	GlobalSection(SolutionProperties) = preSolution
		HideSolutionNode = FALSE
	EndGlobalSection
	GlobalSection(ExtensibilityGlobals) = postSolution
		SolutionGuid = {B192B831-350A-4463-9DBB-5D6FED3AF3C3}
	EndGlobalSection
EndGlobal
